github.com/apache/thrift v0.13.0 h1:5hryIiq9gtn+MiLVn0wP37kb/uTeRZgN08WoCsAhIhI=
github.com/apache/thrift v0.13.0/go.mod h1:cp2SuWMxlEZw2r+iP2GNCdIi4C1qmUzdZFSVb+bacwQ=
github.com/apache/thrift v0.14.0 h1:vqZ2DP42i8th2OsgCcYZkirtbzvpZEFx53LiWDJXIAs=
github.com/apache/thrift v0.14.0/go.mod h1:cp2SuWMxlEZw2r+iP2GNCdIi4C1qmUzdZFSVb+bacwQ=
github.com/davecgh/go-spew v1.1.0 h1:ZDRjVQ15GmhC3fiQ8ni8+OwkZQO4DARzQgrnXU1Liz8=
github.com/davecgh/go-spew v1.1.0/go.mod h1:J7Y8YcW2NihsgmVo/mv3lAwl/skON4iLHjSsI+c5H38=
github.com/pkg/errors v0.0.0-20171216070316-e881fd58d78e h1:+RHxT/gm0O3UF7nLJbdNzAmULvCFt4XfXHWzh3XI/zs=
github.com/pkg/errors v0.0.0-20171216070316-e881fd58d78e/go.mod h1:bwawxfHBFNV+L2hUp1rHADufV3IMtnDRdf1r5NINEl0=
github.com/pkg/errors v0.9.1 h1:FEBLx1zS214owpjy7qsBeixbURkuhQAwrK5UwLGTwt4=
github.com/pkg/errors v0.9.1/go.mod h1:bwawxfHBFNV+L2hUp1rHADufV3IMtnDRdf1r5NINEl0=
github.com/pmezard/go-difflib v1.0.0 h1:4DBwDE0NGyQoBHbLQYPwSUPoCMWR5BEzIk/f1lZbAQM=
github.com/pmezard/go-difflib v1.0.0/go.mod h1:iKH77koFhYxTK1pcRnkKkqfTogsbg7gZNVY4sRDYZ/4=
github.com/ridv/thrift v0.12.1 h1:b80V1Oa2Mbd++jrlJZbJsIybO5/MCfbXKzd1A5v4aSo=
github.com/ridv/thrift v0.12.1/go.mod h1:yTMRF94RCZjO1fY1xt69yncvMbQCPdRL8BhbwIrjPx8=
github.com/ridv/thrift v0.13.1 h1:/8XnTRUqJJeiuqoL7mfnJQmXQa4GJn9tUCiP7+i6Y9o=
github.com/ridv/thrift v0.13.1/go.mod h1:yTMRF94RCZjO1fY1xt69yncvMbQCPdRL8BhbwIrjPx8=
github.com/ridv/thrift v0.13.2 h1:Q3Smr8poXd7VkWZPHvdJZzlQCJO+b5W37ECfoUL4qHc=
github.com/ridv/thrift v0.13.2/go.mod h1:yTMRF94RCZjO1fY1xt69yncvMbQCPdRL8BhbwIrjPx8=
github.com/samuel/go-zookeeper v0.0.0-20171117190445-471cd4e61d7a h1:EYL2xz/Zdo0hyqdZMXR4lmT2O11jDLTPCEqIe/FR6W4=
github.com/samuel/go-zookeeper v0.0.0-20171117190445-471cd4e61d7a/go.mod h1:gi+0XIa01GRL2eRQVjQkKGqKF3SF9vZR/HnPullcV2E=
github.com/stretchr/objx v0.1.0 h1:4G4v2dO3VZwixGIRoQ5Lfboy6nUhCyYzaqnIAPPhYs4=
github.com/stretchr/objx v0.1.0/go.mod h1:HFkY916IF+rwdDfMAkV7OtwuqBVzrE8GR6GFx+wExME=
github.com/stretchr/testify v1.2.0 h1:LThGCOvhuJic9Gyd1VBCkhyUXmO8vKaBFvBsJ2k03rg=
github.com/stretchr/testify v1.2.0/go.mod h1:a8OnRcib4nhh0OaRAV+Yts87kKdq0PP7pXfy6kDkUVs=
github.com/stretchr/testify v1.7.0 h1:nwc3DEeHmmLAfoZucVR881uASk0Mfjw8xYJ99tb5CcY=
github.com/stretchr/testify v1.7.0/go.mod h1:6Fq8oRcR53rry900zMqJjRRixrwX3KX962/h/Wwjteg=
gopkg.in/check.v1 v0.0.0-20161208181325-20d25e280405 h1:yhCVgyC4o1eVCa2tZl7eS0r+SDo693bJlVdllGtEeKM=
gopkg.in/check.v1 v0.0.0-20161208181325-20d25e280405/go.mod h1:Co6ibVJAznAaIkqp8huTwlJQCZ016jof/cbN4VW5Yz0=
gopkg.in/yaml.v3 v3.0.0-20200313102051-9f266ea9e77c h1:dUUwHk2QECo/6vqA44rthZ8ie2QXMNeKRTHCNY2nXvo=
gopkg.in/yaml.v3 v3.0.0-20200313102051-9f266ea9e77c/go.mod h1:K4uyk7z7BCEPqu6E+C64Yfv1cQ7kz7rIZviUmN+EgEM=
