git.apache.org/thrift.git v0.12.0 h1:692K1/SsOcQvkvMRMdt60FCq2AvKpuQNM6sIeH3mN4s=
git.apache.org/thrift.git v0.12.0/go.mod h1:fPE2ZNJGynbRyZ4dJvy6G277gSllfV2HJqblrnkyeyg=
github.com/davecgh/go-spew v1.1.0 h1:ZDRjVQ15GmhC3fiQ8ni8+OwkZQO4DARzQgrnXU1Liz8=
github.com/davecgh/go-spew v1.1.0/go.mod h1:J7Y8YcW2NihsgmVo/mv3lAwl/skON4iLHjSsI+c5H38=
github.com/pkg/errors v0.0.0-20171216070316-e881fd58d78e h1:+RHxT/gm0O3UF7nLJbdNzAmULvCFt4XfXHWzh3XI/zs=
github.com/pkg/errors v0.0.0-20171216070316-e881fd58d78e/go.mod h1:bwawxfHBFNV+L2hUp1rHADufV3IMtnDRdf1r5NINEl0=
github.com/pmezard/go-difflib v1.0.0 h1:4DBwDE0NGyQoBHbLQYPwSUPoCMWR5BEzIk/f1lZbAQM=
github.com/pmezard/go-difflib v1.0.0/go.mod h1:iKH77koFhYxTK1pcRnkKkqfTogsbg7gZNVY4sRDYZ/4=
github.com/samuel/go-zookeeper v0.0.0-20171117190445-471cd4e61d7a h1:EYL2xz/Zdo0hyqdZMXR4lmT2O11jDLTPCEqIe/FR6W4=
github.com/samuel/go-zookeeper v0.0.0-20171117190445-471cd4e61d7a/go.mod h1:gi+0XIa01GRL2eRQVjQkKGqKF3SF9vZR/HnPullcV2E=
github.com/stretchr/testify v1.2.0 h1:LThGCOvhuJic9Gyd1VBCkhyUXmO8vKaBFvBsJ2k03rg=
github.com/stretchr/testify v1.2.0/go.mod h1:a8OnRcib4nhh0OaRAV+Yts87kKdq0PP7pXfy6kDkUVs=
