# This file is autogenerated, do not edit; changes may be undone by the next 'dep ensure'.


[[projects]]
  branch = "0.10.0-http-client-fix"
  name = "git.apache.org/thrift.git"
  packages = ["lib/go/thrift"]
  revision = "cb1afec972a85791e9b24a04b60fc9dbbfc3cda3"
  source = "github.com/rdelval/thrift"

[[projects]]
  name = "github.com/davecgh/go-spew"
  packages = ["spew"]
  revision = "346938d642f2ec3594ed81d874461961cd0faa76"
  version = "v1.1.0"

[[projects]]
  name = "github.com/pkg/errors"
  packages = ["."]
  revision = "e881fd58d78e04cf6d0de1217f8707c8cc2249bc"

[[projects]]
  name = "github.com/pmezard/go-difflib"
  packages = ["difflib"]
  revision = "792786c7400a136282c1664665ae0a8db921c6c2"
  version = "v1.0.0"

[[projects]]
  name = "github.com/samuel/go-zookeeper"
  packages = ["zk"]
  revision = "471cd4e61d7a78ece1791fa5faa0345dc8c7d5a5"

[[projects]]
  name = "github.com/stretchr/testify"
  packages = ["assert"]
  revision = "b91bfb9ebec76498946beb6af7c0230c7cc7ba6c"
  version = "v1.2.0"

[solve-meta]
  analyzer-name = "dep"
  analyzer-version = 1
  inputs-digest = "fdb631400420ca7299ad56b66175c9157ca073e3de52f666a84fc1d6fa893978"
  solver-name = "gps-cdcl"
  solver-version = 1
